
Microsoft Visual Studio Solution File, Format Version 12.00
# Visual Studio 15
VisualStudioVersion = 15.0.26124.0
MinimumVisualStudioVersion = 15.0.26124.0
Project("{FAE04EC0-301F-11D3-BF4B-00C04F79EFBC}") = "TKOM", "TKOM\TKOM.csproj", "{3D4582C7-236A-49A9-822B-E47AF938424F}"
EndProject
Project("{FAE04EC0-301F-11D3-BF4B-00C04F79EFBC}") = "TKOM.Test", "TKOM.Test\TKOM.Test.csproj", "{64FE12A5-EB02-446C-BB61-43B2E10ECDE6}"
EndProject
Global
	GlobalSection(SolutionConfigurationPlatforms) = preSolution
		Debug|Any CPU = Debug|Any CPU
		Debug|x64 = Debug|x64
		Debug|x86 = Debug|x86
		Release|Any CPU = Release|Any CPU
		Release|x64 = Release|x64
		Release|x86 = Release|x86
	EndGlobalSection
	GlobalSection(SolutionProperties) = preSolution
		HideSolutionNode = FALSE
	EndGlobalSection
	GlobalSection(ProjectConfigurationPlatforms) = postSolution
		{3D4582C7-236A-49A9-822B-E47AF938424F}.Debug|Any CPU.ActiveCfg = Debug|Any CPU
		{3D4582C7-236A-49A9-822B-E47AF938424F}.Debug|Any CPU.Build.0 = Debug|Any CPU
		{3D4582C7-236A-49A9-822B-E47AF938424F}.Debug|x64.ActiveCfg = Debug|Any CPU
		{3D4582C7-236A-49A9-822B-E47AF938424F}.Debug|x64.Build.0 = Debug|Any CPU
		{3D4582C7-236A-49A9-822B-E47AF938424F}.Debug|x86.ActiveCfg = Debug|Any CPU
		{3D4582C7-236A-49A9-822B-E47AF938424F}.Debug|x86.Build.0 = Debug|Any CPU
		{3D4582C7-236A-49A9-822B-E47AF938424F}.Release|Any CPU.ActiveCfg = Release|Any CPU
		{3D4582C7-236A-49A9-822B-E47AF938424F}.Release|Any CPU.Build.0 = Release|Any CPU
		{3D4582C7-236A-49A9-822B-E47AF938424F}.Release|x64.ActiveCfg = Release|Any CPU
		{3D4582C7-236A-49A9-822B-E47AF938424F}.Release|x64.Build.0 = Release|Any CPU
		{3D4582C7-236A-49A9-822B-E47AF938424F}.Release|x86.ActiveCfg = Release|Any CPU
		{3D4582C7-236A-49A9-822B-E47AF938424F}.Release|x86.Build.0 = Release|Any CPU
		{64FE12A5-EB02-446C-BB61-43B2E10ECDE6}.Debug|Any CPU.ActiveCfg = Debug|Any CPU
		{64FE12A5-EB02-446C-BB61-43B2E10ECDE6}.Debug|Any CPU.Build.0 = Debug|Any CPU
		{64FE12A5-EB02-446C-BB61-43B2E10ECDE6}.Debug|x64.ActiveCfg = Debug|Any CPU
		{64FE12A5-EB02-446C-BB61-43B2E10ECDE6}.Debug|x64.Build.0 = Debug|Any CPU
		{64FE12A5-EB02-446C-BB61-43B2E10ECDE6}.Debug|x86.ActiveCfg = Debug|Any CPU
		{64FE12A5-EB02-446C-BB61-43B2E10ECDE6}.Debug|x86.Build.0 = Debug|Any CPU
		{64FE12A5-EB02-446C-BB61-43B2E10ECDE6}.Release|Any CPU.ActiveCfg = Release|Any CPU
		{64FE12A5-EB02-446C-BB61-43B2E10ECDE6}.Release|Any CPU.Build.0 = Release|Any CPU
		{64FE12A5-EB02-446C-BB61-43B2E10ECDE6}.Release|x64.ActiveCfg = Release|Any CPU
		{64FE12A5-EB02-446C-BB61-43B2E10ECDE6}.Release|x64.Build.0 = Release|Any CPU
		{64FE12A5-EB02-446C-BB61-43B2E10ECDE6}.Release|x86.ActiveCfg = Release|Any CPU
		{64FE12A5-EB02-446C-BB61-43B2E10ECDE6}.Release|x86.Build.0 = Release|Any CPU
	EndGlobalSection
EndGlobal
